Microsoft Visual Studio Solution File, Format Version 11.00
# Visual Studio 2008

Project("{31A77289-595C-7849-17E6-F49625B4691B}") = "LTAI", "Assembly-CSharp-vs.csproj", "{AAEBC120-A245-A1BA-B5D4-5B3CE7F3FDB9}"
EndProject
Project("{31A77289-595C-7849-17E6-F49625B4691B}") = "LTAI", "Assembly-CSharp-Editor-vs.csproj", "{395C7071-5633-592D-356B-7FA5F01F7B05}"
EndProject
Global
	GlobalSection(SolutionConfigurationPlatforms) = preSolution
		Debug|Any CPU = Debug|Any CPU
		Release|Any CPU = Release|Any CPU
	EndGlobalSection
	GlobalSection(ProjectConfigurationPlatforms) = postSolution
		{AAEBC120-A245-A1BA-B5D4-5B3CE7F3FDB9}.Debug|Any CPU.ActiveCfg = Debug|Any CPU
		{AAEBC120-A245-A1BA-B5D4-5B3CE7F3FDB9}.Debug|Any CPU.Build.0 = Debug|Any CPU
		{AAEBC120-A245-A1BA-B5D4-5B3CE7F3FDB9}.Release|Any CPU.ActiveCfg = Release|Any CPU
		{AAEBC120-A245-A1BA-B5D4-5B3CE7F3FDB9}.Release|Any CPU.Build.0 = Release|Any CPU
		{395C7071-5633-592D-356B-7FA5F01F7B05}.Debug|Any CPU.ActiveCfg = Debug|Any CPU
		{395C7071-5633-592D-356B-7FA5F01F7B05}.Debug|Any CPU.Build.0 = Debug|Any CPU
		{395C7071-5633-592D-356B-7FA5F01F7B05}.Release|Any CPU.ActiveCfg = Release|Any CPU
		{395C7071-5633-592D-356B-7FA5F01F7B05}.Release|Any CPU.Build.0 = Release|Any CPU
	EndGlobalSection
	GlobalSection(SolutionProperties) = preSolution
		HideSolutionNode = FALSE
	EndGlobalSection
																																																								GlobalSection(MonoDevelopProperties) = preSolution
		StartupItem = Assembly-CSharp.csproj
		Policies = $0
		$0.TextStylePolicy = $1
		$1.inheritsSet = null
		$1.scope = text/x-csharp
		$0.CSharpFormattingPolicy = $2
		$2.inheritsSet = Mono
		$2.inheritsScope = text/x-csharp
		$2.scope = text/x-csharp
		$0.TextStylePolicy = $3
		$3.FileWidth = 120
		$3.TabWidth = 4
		$3.EolMarker = Unix
		$3.inheritsSet = Mono
		$3.inheritsScope = text/plain
		$3.scope = text/plain
	EndGlobalSection

EndGlobal
